
Microsoft Visual Studio Solution File, Format Version 12.00
# Visual Studio Version 17
VisualStudioVersion = 17.1.32319.34
MinimumVisualStudioVersion = 10.0.40219.1
Project("{FAE04EC0-301F-11D3-BF4B-00C04F79EFBC}") = "TiktokDemo", "TiktokDemo\TiktokDemo.csproj", "{694E80BE-E41E-4B15-9E20-3F604E5EA74E}"
EndProject
Global
	GlobalSection(SolutionConfigurationPlatforms) = preSolution
		Debug|Any CPU = Debug|Any CPU
		Debug|x64 = Debug|x64
		Release|Any CPU = Release|Any CPU
		Release|x64 = Release|x64
	EndGlobalSection
	GlobalSection(ProjectConfigurationPlatforms) = postSolution
		{694E80BE-E41E-4B15-9E20-3F604E5EA74E}.Debug|Any CPU.ActiveCfg = Debug|Any CPU
		{694E80BE-E41E-4B15-9E20-3F604E5EA74E}.Debug|Any CPU.Build.0 = Debug|Any CPU
		{694E80BE-E41E-4B15-9E20-3F604E5EA74E}.Debug|x64.ActiveCfg = Debug|x64
		{694E80BE-E41E-4B15-9E20-3F604E5EA74E}.Debug|x64.Build.0 = Debug|x64
		{694E80BE-E41E-4B15-9E20-3F604E5EA74E}.Release|Any CPU.ActiveCfg = Release|Any CPU
		{694E80BE-E41E-4B15-9E20-3F604E5EA74E}.Release|x64.ActiveCfg = Release|x64
		{694E80BE-E41E-4B15-9E20-3F604E5EA74E}.Release|x64.Build.0 = Release|x64
	EndGlobalSection
	GlobalSection(SolutionProperties) = preSolution
		HideSolutionNode = FALSE
	EndGlobalSection
	GlobalSection(ExtensibilityGlobals) = postSolution
		SolutionGuid = {E647B631-9280-490A-9B58-85F0FED74507}
	EndGlobalSection
EndGlobal
